# This file is automatically @generated by Poetry 1.8.2 and should not be changed by hand.

[[package]]
name = "orgparse"
version = "0.4.20231004"
description = "orgparse - Emacs org-mode parser in Python"
optional = false
python-versions = "*"
files = [
    {file = "orgparse-0.4.20231004-py3-none-any.whl", hash = "sha256:df9c20978ebc4903e31e35b2c4e5846d1a7974fe7d70531efd44cb45763af340"},
    {file = "orgparse-0.4.20231004.tar.gz", hash = "sha256:a4e38aeadabf9988b0f67a66acd08279d18220bcbc422a129060c2890bba91a0"},
]

[package.extras]
linting = ["lxml", "mypy", "pytest", "ruff"]
testing = ["pytest"]

[metadata]
lock-version = "2.0"
python-versions = "^3.12"
content-hash = "d67a41002a9895f9ffb83f67545a02235c02bfc32d22e86d2e5b9f50cda61b06"
